
Microsoft Visual Studio Solution File, Format Version 12.00
# Visual Studio Version 16
VisualStudioVersion = 16.0.30907.101
MinimumVisualStudioVersion = 10.0.40219.1
Project("{FAE04EC0-301F-11D3-BF4B-00C04F79EFBC}") = "API.NetCore5", "API.NetCore5\API.NetCore5.csproj", "{8F42405B-EB4F-4C22-838A-0365819087E1}"
EndProject
Project("{FAE04EC0-301F-11D3-BF4B-00C04F79EFBC}") = "WebAppMVCCliente", "WebAppMVCCliente\WebAppMVCCliente.csproj", "{09313F9C-FC40-46A0-8FAE-4ECF15E6845C}"
EndProject
Project("{FAE04EC0-301F-11D3-BF4B-00C04F79EFBC}") = "WebAppReactCliente", "WebAppReactCliente\WebAppReactCliente.csproj", "{3FC251C2-E23A-4B06-8087-4D9C5389C780}"
EndProject
Global
	GlobalSection(SolutionConfigurationPlatforms) = preSolution
		Debug|Any CPU = Debug|Any CPU
		Release|Any CPU = Release|Any CPU
	EndGlobalSection
	GlobalSection(ProjectConfigurationPlatforms) = postSolution
		{8F42405B-EB4F-4C22-838A-0365819087E1}.Debug|Any CPU.ActiveCfg = Debug|Any CPU
		{8F42405B-EB4F-4C22-838A-0365819087E1}.Debug|Any CPU.Build.0 = Debug|Any CPU
		{8F42405B-EB4F-4C22-838A-0365819087E1}.Release|Any CPU.ActiveCfg = Release|Any CPU
		{8F42405B-EB4F-4C22-838A-0365819087E1}.Release|Any CPU.Build.0 = Release|Any CPU
		{09313F9C-FC40-46A0-8FAE-4ECF15E6845C}.Debug|Any CPU.ActiveCfg = Debug|Any CPU
		{09313F9C-FC40-46A0-8FAE-4ECF15E6845C}.Debug|Any CPU.Build.0 = Debug|Any CPU
		{09313F9C-FC40-46A0-8FAE-4ECF15E6845C}.Release|Any CPU.ActiveCfg = Release|Any CPU
		{09313F9C-FC40-46A0-8FAE-4ECF15E6845C}.Release|Any CPU.Build.0 = Release|Any CPU
		{3FC251C2-E23A-4B06-8087-4D9C5389C780}.Debug|Any CPU.ActiveCfg = Debug|Any CPU
		{3FC251C2-E23A-4B06-8087-4D9C5389C780}.Debug|Any CPU.Build.0 = Debug|Any CPU
		{3FC251C2-E23A-4B06-8087-4D9C5389C780}.Release|Any CPU.ActiveCfg = Release|Any CPU
		{3FC251C2-E23A-4B06-8087-4D9C5389C780}.Release|Any CPU.Build.0 = Release|Any CPU
	EndGlobalSection
	GlobalSection(SolutionProperties) = preSolution
		HideSolutionNode = FALSE
	EndGlobalSection
	GlobalSection(ExtensibilityGlobals) = postSolution
		SolutionGuid = {2B88C968-8DEB-4E9F-9B6E-C6F9038FCD3A}
	EndGlobalSection
EndGlobal
