
Microsoft Visual Studio Solution File, Format Version 12.00
# Visual Studio Version 16
VisualStudioVersion = 16.0.30907.101
MinimumVisualStudioVersion = 10.0.40219.1
Project("{FAE04EC0-301F-11D3-BF4B-00C04F79EFBC}") = "WebAppBlazor", "WebAppBlazor\WebAppBlazor.csproj", "{D7079D89-B0D9-4219-82B3-7DD0642E332F}"
EndProject
Global
	GlobalSection(SolutionConfigurationPlatforms) = preSolution
		Debug|Any CPU = Debug|Any CPU
		Release|Any CPU = Release|Any CPU
	EndGlobalSection
	GlobalSection(ProjectConfigurationPlatforms) = postSolution
		{D7079D89-B0D9-4219-82B3-7DD0642E332F}.Debug|Any CPU.ActiveCfg = Debug|Any CPU
		{D7079D89-B0D9-4219-82B3-7DD0642E332F}.Debug|Any CPU.Build.0 = Debug|Any CPU
		{D7079D89-B0D9-4219-82B3-7DD0642E332F}.Release|Any CPU.ActiveCfg = Release|Any CPU
		{D7079D89-B0D9-4219-82B3-7DD0642E332F}.Release|Any CPU.Build.0 = Release|Any CPU
	EndGlobalSection
	GlobalSection(SolutionProperties) = preSolution
		HideSolutionNode = FALSE
	EndGlobalSection
	GlobalSection(ExtensibilityGlobals) = postSolution
		SolutionGuid = {2B88C968-8DEB-4E9F-9B6E-C6F9038FCD3A}
	EndGlobalSection
EndGlobal
